
Microsoft Visual Studio Solution File, Format Version 12.00
# Visual Studio Version 17
VisualStudioVersion = 17.0.31903.59
MinimumVisualStudioVersion = 10.0.40219.1
Project("{FAE04EC0-301F-11D3-BF4B-00C04F79EFBC}") = "Grandine.bindings", "Grandine.bindings\Grandine.csproj", "{84F42F05-CB71-458E-8C05-468981D8B171}"
EndProject
Project("{FAE04EC0-301F-11D3-BF4B-00C04F79EFBC}") = "Grandine.test", "Grandine.test\Grandine.test.csproj", "{A492A4DC-C5BD-4D31-A436-1B404C235B2B}"
EndProject
Global
	GlobalSection(SolutionConfigurationPlatforms) = preSolution
		Debug|Any CPU = Debug|Any CPU
		Release|Any CPU = Release|Any CPU
	EndGlobalSection
	GlobalSection(SolutionProperties) = preSolution
		HideSolutionNode = FALSE
	EndGlobalSection
	GlobalSection(ProjectConfigurationPlatforms) = postSolution
		{84F42F05-CB71-458E-8C05-468981D8B171}.Debug|Any CPU.ActiveCfg = Debug|Any CPU
		{84F42F05-CB71-458E-8C05-468981D8B171}.Debug|Any CPU.Build.0 = Debug|Any CPU
		{84F42F05-CB71-458E-8C05-468981D8B171}.Release|Any CPU.ActiveCfg = Release|Any CPU
		{84F42F05-CB71-458E-8C05-468981D8B171}.Release|Any CPU.Build.0 = Release|Any CPU
		{A492A4DC-C5BD-4D31-A436-1B404C235B2B}.Debug|Any CPU.ActiveCfg = Debug|Any CPU
		{A492A4DC-C5BD-4D31-A436-1B404C235B2B}.Debug|Any CPU.Build.0 = Debug|Any CPU
		{A492A4DC-C5BD-4D31-A436-1B404C235B2B}.Release|Any CPU.ActiveCfg = Release|Any CPU
		{A492A4DC-C5BD-4D31-A436-1B404C235B2B}.Release|Any CPU.Build.0 = Release|Any CPU
	EndGlobalSection
EndGlobal
